
Microsoft Visual Studio Solution File, Format Version 12.00
# Visual Studio Version 17
VisualStudioVersion = 17.10.35004.147
MinimumVisualStudioVersion = 10.0.40219.1
Project("{FAE04EC0-301F-11D3-BF4B-00C04F79EFBC}") = "HelpingHands", "HelpingHands\HelpingHands.csproj", "{71387C80-9DB0-4E76-98B4-A8DE8C8E2F0B}"
EndProject
Global
	GlobalSection(SolutionConfigurationPlatforms) = preSolution
		Debug|Any CPU = Debug|Any CPU
		Release|Any CPU = Release|Any CPU
	EndGlobalSection
	GlobalSection(ProjectConfigurationPlatforms) = postSolution
		{71387C80-9DB0-4E76-98B4-A8DE8C8E2F0B}.Debug|Any CPU.ActiveCfg = Debug|Any CPU
		{71387C80-9DB0-4E76-98B4-A8DE8C8E2F0B}.Debug|Any CPU.Build.0 = Debug|Any CPU
		{71387C80-9DB0-4E76-98B4-A8DE8C8E2F0B}.Release|Any CPU.ActiveCfg = Release|Any CPU
		{71387C80-9DB0-4E76-98B4-A8DE8C8E2F0B}.Release|Any CPU.Build.0 = Release|Any CPU
	EndGlobalSection
	GlobalSection(SolutionProperties) = preSolution
		HideSolutionNode = FALSE
	EndGlobalSection
	GlobalSection(ExtensibilityGlobals) = postSolution
		SolutionGuid = {6E8891A0-00A3-4C3F-B2F2-C694C0F1998C}
	EndGlobalSection
EndGlobal
